
Microsoft Visual Studio Solution File, Format Version 12.00
# Visual Studio 15
Project("{FAE04EC0-301F-11D3-BF4B-00C04F79EFBC}") = "Assembly-CSharp", "Assembly-CSharp.csproj", "{D7364905-B56C-40D1-5C82-8FF5A536529B}"
EndProject
Project("{FAE04EC0-301F-11D3-BF4B-00C04F79EFBC}") = "Assembly-CSharp-firstpass", "Assembly-CSharp-firstpass.csproj", "{768CB420-5410-F006-2C61-40F20D14B9B3}"
EndProject
Project("{FAE04EC0-301F-11D3-BF4B-00C04F79EFBC}") = "Assembly-CSharp-Editor-firstpass", "Assembly-CSharp-Editor-firstpass.csproj", "{73901CBF-F7BB-D312-46F6-F34ED8410429}"
EndProject
Global
	GlobalSection(SolutionConfigurationPlatforms) = preSolution
		Debug|Any CPU = Debug|Any CPU
		Release|Any CPU = Release|Any CPU
	EndGlobalSection
	GlobalSection(ProjectConfigurationPlatforms) = postSolution
		{D7364905-B56C-40D1-5C82-8FF5A536529B}.Debug|Any CPU.ActiveCfg = Debug|Any CPU
		{D7364905-B56C-40D1-5C82-8FF5A536529B}.Debug|Any CPU.Build.0 = Debug|Any CPU
		{D7364905-B56C-40D1-5C82-8FF5A536529B}.Release|Any CPU.ActiveCfg = Release|Any CPU
		{D7364905-B56C-40D1-5C82-8FF5A536529B}.Release|Any CPU.Build.0 = Release|Any CPU
		{768CB420-5410-F006-2C61-40F20D14B9B3}.Debug|Any CPU.ActiveCfg = Debug|Any CPU
		{768CB420-5410-F006-2C61-40F20D14B9B3}.Debug|Any CPU.Build.0 = Debug|Any CPU
		{768CB420-5410-F006-2C61-40F20D14B9B3}.Release|Any CPU.ActiveCfg = Release|Any CPU
		{768CB420-5410-F006-2C61-40F20D14B9B3}.Release|Any CPU.Build.0 = Release|Any CPU
		{73901CBF-F7BB-D312-46F6-F34ED8410429}.Debug|Any CPU.ActiveCfg = Debug|Any CPU
		{73901CBF-F7BB-D312-46F6-F34ED8410429}.Debug|Any CPU.Build.0 = Debug|Any CPU
		{73901CBF-F7BB-D312-46F6-F34ED8410429}.Release|Any CPU.ActiveCfg = Release|Any CPU
		{73901CBF-F7BB-D312-46F6-F34ED8410429}.Release|Any CPU.Build.0 = Release|Any CPU
	EndGlobalSection
	GlobalSection(SolutionProperties) = preSolution
		HideSolutionNode = FALSE
	EndGlobalSection
EndGlobal
