
Microsoft Visual Studio Solution File, Format Version 12.00
# Visual Studio 15
Project("{FAE04EC0-301F-11D3-BF4B-00C04F79EFBC}") = "Assembly-CSharp", "Assembly-CSharp.csproj", "{C8A0F003-1880-B288-CCD6-6011F21DC4CA}"
EndProject
Project("{FAE04EC0-301F-11D3-BF4B-00C04F79EFBC}") = "Assembly-CSharp-firstpass", "Assembly-CSharp-firstpass.csproj", "{F1798C81-5CF8-0601-33B3-84295449DFD9}"
EndProject
Project("{FAE04EC0-301F-11D3-BF4B-00C04F79EFBC}") = "Assembly-CSharp-Editor-firstpass", "Assembly-CSharp-Editor-firstpass.csproj", "{4191BBD7-9F8C-2A59-C53F-CCF0100A2ED7}"
EndProject
Global
	GlobalSection(SolutionConfigurationPlatforms) = preSolution
		Debug|Any CPU = Debug|Any CPU
		Release|Any CPU = Release|Any CPU
	EndGlobalSection
	GlobalSection(ProjectConfigurationPlatforms) = postSolution
		{C8A0F003-1880-B288-CCD6-6011F21DC4CA}.Debug|Any CPU.ActiveCfg = Debug|Any CPU
		{C8A0F003-1880-B288-CCD6-6011F21DC4CA}.Debug|Any CPU.Build.0 = Debug|Any CPU
		{C8A0F003-1880-B288-CCD6-6011F21DC4CA}.Release|Any CPU.ActiveCfg = Release|Any CPU
		{C8A0F003-1880-B288-CCD6-6011F21DC4CA}.Release|Any CPU.Build.0 = Release|Any CPU
		{F1798C81-5CF8-0601-33B3-84295449DFD9}.Debug|Any CPU.ActiveCfg = Debug|Any CPU
		{F1798C81-5CF8-0601-33B3-84295449DFD9}.Debug|Any CPU.Build.0 = Debug|Any CPU
		{F1798C81-5CF8-0601-33B3-84295449DFD9}.Release|Any CPU.ActiveCfg = Release|Any CPU
		{F1798C81-5CF8-0601-33B3-84295449DFD9}.Release|Any CPU.Build.0 = Release|Any CPU
		{4191BBD7-9F8C-2A59-C53F-CCF0100A2ED7}.Debug|Any CPU.ActiveCfg = Debug|Any CPU
		{4191BBD7-9F8C-2A59-C53F-CCF0100A2ED7}.Debug|Any CPU.Build.0 = Debug|Any CPU
		{4191BBD7-9F8C-2A59-C53F-CCF0100A2ED7}.Release|Any CPU.ActiveCfg = Release|Any CPU
		{4191BBD7-9F8C-2A59-C53F-CCF0100A2ED7}.Release|Any CPU.Build.0 = Release|Any CPU
	EndGlobalSection
	GlobalSection(SolutionProperties) = preSolution
		HideSolutionNode = FALSE
	EndGlobalSection
EndGlobal
